// !$*UTF8*$!
{
	archiveVersion = 1;
	classes = {
	};
	objectVersion = 77;
	objects = {

/* Begin PBXBuildFile section */
		4767A2F32E551B6800F0A6CE /* WidgetKit.framework in Frameworks */ = {isa = PBXBuildFile; fileRef = 4767A2F22E551B6800F0A6CE /* WidgetKit.framework */; };
		4767A2F52E551B6800F0A6CE /* SwiftUI.framework in Frameworks */ = {isa = PBXBuildFile; fileRef = 4767A2F42E551B6800F0A6CE /* SwiftUI.framework */; };
		4767A3042E551B6A00F0A6CE /* TempoWidgetsExtension.appex in Embed Foundation Extensions */ = {isa = PBXBuildFile; fileRef = 4767A2F02E551B6800F0A6CE /* TempoWidgetsExtension.appex */; settings = {ATTRIBUTES = (RemoveHeadersOnCopy, ); }; };
		47BA1C0B2E700A0000F0A6CE /* TempoWatch.app in Embed Watch Content */ = {isa = PBXBuildFile; fileRef = 47BA1C002E700A0000F0A6CE /* TempoWatch.app */; settings = {ATTRIBUTES = (RemoveHeadersOnCopy, ); }; };
/* End PBXBuildFile section */

/* Begin PBXContainerItemProxy section */
		4767A3022E551B6A00F0A6CE /* PBXContainerItemProxy */ = {
			isa = PBXContainerItemProxy;
			containerPortal = 479FC5B42E502F4A008EB439 /* Project object */;
			proxyType = 1;
			remoteGlobalIDString = 4767A2EF2E551B6800F0A6CE;
			remoteInfo = TempoWidgetsExtension;
		};
		479FC5D12E502F4D008EB439 /* PBXContainerItemProxy */ = {
			isa = PBXContainerItemProxy;
			containerPortal = 479FC5B42E502F4A008EB439 /* Project object */;
			proxyType = 1;
			remoteGlobalIDString = 479FC5BB2E502F4A008EB439;
			remoteInfo = Tempo;
		};
		479FC5DB2E502F4D008EB439 /* PBXContainerItemProxy */ = {
			isa = PBXContainerItemProxy;
			containerPortal = 479FC5B42E502F4A008EB439 /* Project object */;
			proxyType = 1;
			remoteGlobalIDString = 479FC5BB2E502F4A008EB439;
			remoteInfo = Tempo;
		};
		47BA1C092E700A0000F0A6CE /* PBXContainerItemProxy */ = {
			isa = PBXContainerItemProxy;
			containerPortal = 479FC5B42E502F4A008EB439 /* Project object */;
			proxyType = 1;
			remoteGlobalIDString = 47BA1C052E700A0000F0A6CE;
			remoteInfo = TempoWatch;
		};
/* End PBXContainerItemProxy section */

/* Begin PBXCopyFilesBuildPhase section */
		4767A3052E551B6A00F0A6CE /* Embed Foundation Extensions */ = {
			isa = PBXCopyFilesBuildPhase;
			buildActionMask = 2147483647;
			dstPath = "";
			dstSubfolderSpec = 13;
			files = (
				4767A3042E551B6A00F0A6CE /* TempoWidgetsExtension.appex in Embed Foundation Extensions */,
			);
			name = "Embed Foundation Extensions";
			runOnlyForDeploymentPostprocessing = 0;
		};
		47BA1C0C2E700A0000F0A6CE /* Embed Watch Content */ = {
			isa = PBXCopyFilesBuildPhase;
			buildActionMask = 2147483647;
			dstPath = "$(CONTENTS_FOLDER_PATH)/Watch";
			dstSubfolderSpec = 16;
			files = (
				47BA1C0B2E700A0000F0A6CE /* TempoWatch.app in Embed Watch Content */,
			);
			name = "Embed Watch Content";
			runOnlyForDeploymentPostprocessing = 0;
		};
/* End PBXCopyFilesBuildPhase section */

/* Begin PBXFileReference section */
		4767A2F02E551B6800F0A6CE /* TempoWidgetsExtension.appex */ = {isa = PBXFileReference; explicitFileType = "wrapper.app-extension"; includeInIndex = 0; path = TempoWidgetsExtension.appex; sourceTree = BUILT_PRODUCTS_DIR; };
		4767A2F22E551B6800F0A6CE /* WidgetKit.framework */ = {isa = PBXFileReference; lastKnownFileType = wrapper.framework; name = WidgetKit.framework; path = System/Library/Frameworks/WidgetKit.framework; sourceTree = SDKROOT; };
		4767A2F42E551B6800F0A6CE /* SwiftUI.framework */ = {isa = PBXFileReference; lastKnownFileType = wrapper.framework; name = SwiftUI.framework; path = System/Library/Frameworks/SwiftUI.framework; sourceTree = SDKROOT; };
		479FC5BC2E502F4A008EB439 /* Tempo.app */ = {isa = PBXFileReference; explicitFileType = wrapper.application; includeInIndex = 0; path = Tempo.app; sourceTree = BUILT_PRODUCTS_DIR; };
		479FC5D02E502F4D008EB439 /* TempoTests.xctest */ = {isa = PBXFileReference; explicitFileType = wrapper.cfbundle; includeInIndex = 0; path = TempoTests.xctest; sourceTree = BUILT_PRODUCTS_DIR; };
		479FC5DA2E502F4D008EB439 /* TempoUITests.xctest */ = {isa = PBXFileReference; explicitFileType = wrapper.cfbundle; includeInIndex = 0; path = TempoUITests.xctest; sourceTree = BUILT_PRODUCTS_DIR; };
		47BA1C002E700A0000F0A6CE /* TempoWatch.app */ = {isa = PBXFileReference; explicitFileType = wrapper.application; includeInIndex = 0; path = TempoWatch.app; sourceTree = BUILT_PRODUCTS_DIR; };
/* End PBXFileReference section */

/* Begin PBXFileSystemSynchronizedBuildFileExceptionSet section */
		4767A3092E551B6A00F0A6CE /* Exceptions for "TempoWidgets" folder in "TempoWidgetsExtension" target */ = {
			isa = PBXFileSystemSynchronizedBuildFileExceptionSet;
			membershipExceptions = (
				Info.plist,
			);
			target = 4767A2EF2E551B6800F0A6CE /* TempoWidgetsExtension */;
		};
		479FC5E22E502F4D008EB439 /* Exceptions for "Tempo" folder in "Tempo" target */ = {
			isa = PBXFileSystemSynchronizedBuildFileExceptionSet;
			membershipExceptions = (
				Info.plist,
			);
			target = 479FC5BB2E502F4A008EB439 /* Tempo */;
		};
/* End PBXFileSystemSynchronizedBuildFileExceptionSet section */

/* Begin PBXFileSystemSynchronizedRootGroup section */
		4767A2F62E551B6800F0A6CE /* TempoWidgets */ = {
			isa = PBXFileSystemSynchronizedRootGroup;
			exceptions = (
				4767A3092E551B6A00F0A6CE /* Exceptions for "TempoWidgets" folder in "TempoWidgetsExtension" target */,
			);
			path = TempoWidgets;
			sourceTree = "<group>";
		};
		479FC5BE2E502F4A008EB439 /* Tempo */ = {
			isa = PBXFileSystemSynchronizedRootGroup;
			exceptions = (
				479FC5E22E502F4D008EB439 /* Exceptions for "Tempo" folder in "Tempo" target */,
			);
			path = Tempo;
			sourceTree = "<group>";
		};
		479FC5D32E502F4D008EB439 /* TempoTests */ = {
			isa = PBXFileSystemSynchronizedRootGroup;
			path = TempoTests;
			sourceTree = "<group>";
		};
		479FC5DD2E502F4D008EB439 /* TempoUITests */ = {
			isa = PBXFileSystemSynchronizedRootGroup;
			path = TempoUITests;
			sourceTree = "<group>";
		};
		47BA1C012E700A0000F0A6CE /* TempoWatch */ = {
			isa = PBXFileSystemSynchronizedRootGroup;
			path = TempoWatch;
			sourceTree = "<group>";
		};
/* End PBXFileSystemSynchronizedRootGroup section */

/* Begin PBXFrameworksBuildPhase section */
		4767A2ED2E551B6800F0A6CE /* Frameworks */ = {
			isa = PBXFrameworksBuildPhase;
			buildActionMask = 2147483647;
			files = (
				4767A2F52E551B6800F0A6CE /* SwiftUI.framework in Frameworks */,
				4767A2F32E551B6800F0A6CE /* WidgetKit.framework in Frameworks */,
			);
			runOnlyForDeploymentPostprocessing = 0;
		};
		479FC5B92E502F4A008EB439 /* Frameworks */ = {
			isa = PBXFrameworksBuildPhase;
			buildActionMask = 2147483647;
			files = (
			);
			runOnlyForDeploymentPostprocessing = 0;
		};
		479FC5CD2E502F4D008EB439 /* Frameworks */ = {
			isa = PBXFrameworksBuildPhase;
			buildActionMask = 2147483647;
			files = (
			);
			runOnlyForDeploymentPostprocessing = 0;
		};
		479FC5D72E502F4D008EB439 /* Frameworks */ = {
			isa = PBXFrameworksBuildPhase;
			buildActionMask = 2147483647;
			files = (
			);
			runOnlyForDeploymentPostprocessing = 0;
		};
		47BA1C032E700A0000F0A6CE /* Frameworks */ = {
			isa = PBXFrameworksBuildPhase;
			buildActionMask = 2147483647;
			files = (
			);
			runOnlyForDeploymentPostprocessing = 0;
		};
/* End PBXFrameworksBuildPhase section */

/* Begin PBXGroup section */
		4767A2F12E551B6800F0A6CE /* Frameworks */ = {
			isa = PBXGroup;
			children = (
				4767A2F22E551B6800F0A6CE /* WidgetKit.framework */,
				4767A2F42E551B6800F0A6CE /* SwiftUI.framework */,
			);
			name = Frameworks;
			sourceTree = "<group>";
		};
		479FC5B32E502F4A008EB439 = {
			isa = PBXGroup;
			children = (
				479FC5BE2E502F4A008EB439 /* Tempo */,
				479FC5D32E502F4D008EB439 /* TempoTests */,
				479FC5DD2E502F4D008EB439 /* TempoUITests */,
				4767A2F62E551B6800F0A6CE /* TempoWidgets */,
				47BA1C012E700A0000F0A6CE /* TempoWatch */,
				4767A2F12E551B6800F0A6CE /* Frameworks */,
				479FC5BD2E502F4A008EB439 /* Products */,
			);
			sourceTree = "<group>";
		};
		479FC5BD2E502F4A008EB439 /* Products */ = {
			isa = PBXGroup;
			children = (
				479FC5BC2E502F4A008EB439 /* Tempo.app */,
				479FC5D02E502F4D008EB439 /* TempoTests.xctest */,
				479FC5DA2E502F4D008EB439 /* TempoUITests.xctest */,
				4767A2F02E551B6800F0A6CE /* TempoWidgetsExtension.appex */,
				47BA1C002E700A0000F0A6CE /* TempoWatch.app */,
			);
			name = Products;
			sourceTree = "<group>";
		};
/* End PBXGroup section */

/* Begin PBXNativeTarget section */
		4767A2EF2E551B6800F0A6CE /* TempoWidgetsExtension */ = {
			isa = PBXNativeTarget;
			buildConfigurationList = 4767A3082E551B6A00F0A6CE /* Build configuration list for PBXNativeTarget "TempoWidgetsExtension" */;
			buildPhases = (
				4767A2EC2E551B6800F0A6CE /* Sources */,
				4767A2ED2E551B6800F0A6CE /* Frameworks */,
				4767A2EE2E551B6800F0A6CE /* Resources */,
			);
			buildRules = (
			);
			dependencies = (
			);
			fileSystemSynchronizedGroups = (
				4767A2F62E551B6800F0A6CE /* TempoWidgets */,
			);
			name = TempoWidgetsExtension;
			packageProductDependencies = (
			);
			productName = TempoWidgetsExtension;
			productReference = 4767A2F02E551B6800F0A6CE /* TempoWidgetsExtension.appex */;
			productType = "com.apple.product-type.app-extension";
		};
		479FC5BB2E502F4A008EB439 /* Tempo */ = {
			isa = PBXNativeTarget;
			buildConfigurationList = 479FC5E32E502F4D008EB439 /* Build configuration list for PBXNativeTarget "Tempo" */;
			buildPhases = (
				479FC5B82E502F4A008EB439 /* Sources */,
				479FC5B92E502F4A008EB439 /* Frameworks */,
				479FC5BA2E502F4A008EB439 /* Resources */,
				4767A3052E551B6A00F0A6CE /* Embed Foundation Extensions */,
				47BA1C0C2E700A0000F0A6CE /* Embed Watch Content */,
			);
			buildRules = (
			);
			dependencies = (
				4767A3032E551B6A00F0A6CE /* PBXTargetDependency */,
				47BA1C0A2E700A0000F0A6CE /* PBXTargetDependency */,
			);
			fileSystemSynchronizedGroups = (
				479FC5BE2E502F4A008EB439 /* Tempo */,
			);
			name = Tempo;
			packageProductDependencies = (
			);
			productName = Tempo;
			productReference = 479FC5BC2E502F4A008EB439 /* Tempo.app */;
			productType = "com.apple.product-type.application";
		};
		479FC5CF2E502F4D008EB439 /* TempoTests */ = {
			isa = PBXNativeTarget;
			buildConfigurationList = 479FC5E82E502F4D008EB439 /* Build configuration list for PBXNativeTarget "TempoTests" */;
			buildPhases = (
				479FC5CC2E502F4D008EB439 /* Sources */,
				479FC5CD2E502F4D008EB439 /* Frameworks */,
				479FC5CE2E502F4D008EB439 /* Resources */,
			);
			buildRules = (
			);
			dependencies = (
				479FC5D22E502F4D008EB439 /* PBXTargetDependency */,
			);
			fileSystemSynchronizedGroups = (
				479FC5D32E502F4D008EB439 /* TempoTests */,
			);
			name = TempoTests;
			packageProductDependencies = (
			);
			productName = TempoTests;
			productReference = 479FC5D02E502F4D008EB439 /* TempoTests.xctest */;
			productType = "com.apple.product-type.bundle.unit-test";
		};
		479FC5D92E502F4D008EB439 /* TempoUITests */ = {
			isa = PBXNativeTarget;
			buildConfigurationList = 479FC5EB2E502F4D008EB439 /* Build configuration list for PBXNativeTarget "TempoUITests" */;
			buildPhases = (
				479FC5D62E502F4D008EB439 /* Sources */,
				479FC5D72E502F4D008EB439 /* Frameworks */,
				479FC5D82E502F4D008EB439 /* Resources */,
			);
			buildRules = (
			);
			dependencies = (
				479FC5DC2E502F4D008EB439 /* PBXTargetDependency */,
			);
			fileSystemSynchronizedGroups = (
				479FC5DD2E502F4D008EB439 /* TempoUITests */,
			);
			name = TempoUITests;
			packageProductDependencies = (
			);
			productName = TempoUITests;
			productReference = 479FC5DA2E502F4D008EB439 /* TempoUITests.xctest */;
			productType = "com.apple.product-type.bundle.ui-testing";
		};
		47BA1C052E700A0000F0A6CE /* TempoWatch */ = {
			isa = PBXNativeTarget;
			buildConfigurationList = 47BA1C082E700A0000F0A6CE /* Build configuration list for PBXNativeTarget "TempoWatch" */;
			buildPhases = (
				47BA1C022E700A0000F0A6CE /* Sources */,
				47BA1C032E700A0000F0A6CE /* Frameworks */,
				47BA1C042E700A0000F0A6CE /* Resources */,
			);
			buildRules = (
			);
			dependencies = (
			);
			fileSystemSynchronizedGroups = (
				47BA1C012E700A0000F0A6CE /* TempoWatch */,
			);
			name = TempoWatch;
			packageProductDependencies = (
			);
			productName = TempoWatch;
			productReference = 47BA1C002E700A0000F0A6CE /* TempoWatch.app */;
			productType = "com.apple.product-type.application";
		};
/* End PBXNativeTarget section */

/* Begin PBXProject section */
		479FC5B42E502F4A008EB439 /* Project object */ = {
			isa = PBXProject;
			attributes = {
				BuildIndependentTargetsInParallel = 1;
				LastSwiftUpdateCheck = 2600;
				LastUpgradeCheck = 1640;
				TargetAttributes = {
					4767A2EF2E551B6800F0A6CE = {
						CreatedOnToolsVersion = 26.0;
					};
					479FC5BB2E502F4A008EB439 = {
						CreatedOnToolsVersion = 16.4;
					};
					479FC5CF2E502F4D008EB439 = {
						CreatedOnToolsVersion = 16.4;
						TestTargetID = 479FC5BB2E502F4A008EB439;
					};
					479FC5D92E502F4D008EB439 = {
						CreatedOnToolsVersion = 16.4;
						TestTargetID = 479FC5BB2E502F4A008EB439;
					};
					47BA1C052E700A0000F0A6CE = {
						CreatedOnToolsVersion = 16.4;
					};
				};
			};
			buildConfigurationList = 479FC5B72E502F4A008EB439 /* Build configuration list for PBXProject "Tempo" */;
			developmentRegion = en;
			hasScannedForEncodings = 0;
			knownRegions = (
				en,
				Base,
			);
			mainGroup = 479FC5B32E502F4A008EB439;
			minimizedProjectReferenceProxies = 1;
			packageReferences = (
				471A84842E53D78000962DFE /* XCRemoteSwiftPackageReference "YapAnimator" */,
				471A84852E53D99600962DFE /* XCRemoteSwiftPackageReference "Stellar" */,
				471A84862E53D9B200962DFE /* XCRemoteSwiftPackageReference "ScreenCorners" */,
			);
			preferredProjectObjectVersion = 77;
			productRefGroup = 479FC5BD2E502F4A008EB439 /* Products */;
			projectDirPath = "";
			projectRoot = "";
			targets = (
				479FC5BB2E502F4A008EB439 /* Tempo */,
				479FC5CF2E502F4D008EB439 /* TempoTests */,
				479FC5D92E502F4D008EB439 /* TempoUITests */,
				4767A2EF2E551B6800F0A6CE /* TempoWidgetsExtension */,
				47BA1C052E700A0000F0A6CE /* TempoWatch */,
			);
		};
/* End PBXProject section */

/* Begin PBXResourcesBuildPhase section */
		4767A2EE2E551B6800F0A6CE /* Resources */ = {
			isa = PBXResourcesBuildPhase;
			buildActionMask = 2147483647;
			files = (
			);
			runOnlyForDeploymentPostprocessing = 0;
		};
		479FC5BA2E502F4A008EB439 /* Resources */ = {
			isa = PBXResourcesBuildPhase;
			buildActionMask = 2147483647;
			files = (
			);
			runOnlyForDeploymentPostprocessing = 0;
		};
		479FC5CE2E502F4D008EB439 /* Resources */ = {
			isa = PBXResourcesBuildPhase;
			buildActionMask = 2147483647;
			files = (
			);
			runOnlyForDeploymentPostprocessing = 0;
		};
		479FC5D82E502F4D008EB439 /* Resources */ = {
			isa = PBXResourcesBuildPhase;
			buildActionMask = 2147483647;
			files = (
			);
			runOnlyForDeploymentPostprocessing = 0;
		};
		47BA1C042E700A0000F0A6CE /* Resources */ = {
			isa = PBXResourcesBuildPhase;
			buildActionMask = 2147483647;
			files = (
			);
			runOnlyForDeploymentPostprocessing = 0;
		};
/* End PBXResourcesBuildPhase section */

/* Begin PBXSourcesBuildPhase section */
		4767A2EC2E551B6800F0A6CE /* Sources */ = {
			isa = PBXSourcesBuildPhase;
			buildActionMask = 2147483647;
			files = (
			);
			runOnlyForDeploymentPostprocessing = 0;
		};
		479FC5B82E502F4A008EB439 /* Sources */ = {
			isa = PBXSourcesBuildPhase;
			buildActionMask = 2147483647;
			files = (
			);
			runOnlyForDeploymentPostprocessing = 0;
		};
		479FC5CC2E502F4D008EB439 /* Sources */ = {
			isa = PBXSourcesBuildPhase;
			buildActionMask = 2147483647;
			files = (
			);
			runOnlyForDeploymentPostprocessing = 0;
		};
		479FC5D62E502F4D008EB439 /* Sources */ = {
			isa = PBXSourcesBuildPhase;
			buildActionMask = 2147483647;
			files = (
			);
			runOnlyForDeploymentPostprocessing = 0;
		};
		47BA1C022E700A0000F0A6CE /* Sources */ = {
			isa = PBXSourcesBuildPhase;
			buildActionMask = 2147483647;
			files = (
			);
			runOnlyForDeploymentPostprocessing = 0;
		};
/* End PBXSourcesBuildPhase section */

/* Begin PBXTargetDependency section */
		4767A3032E551B6A00F0A6CE /* PBXTargetDependency */ = {
			isa = PBXTargetDependency;
			target = 4767A2EF2E551B6800F0A6CE /* TempoWidgetsExtension */;
			targetProxy = 4767A3022E551B6A00F0A6CE /* PBXContainerItemProxy */;
		};
		479FC5D22E502F4D008EB439 /* PBXTargetDependency */ = {
			isa = PBXTargetDependency;
			target = 479FC5BB2E502F4A008EB439 /* Tempo */;
			targetProxy = 479FC5D12E502F4D008EB439 /* PBXContainerItemProxy */;
		};
		479FC5DC2E502F4D008EB439 /* PBXTargetDependency */ = {
			isa = PBXTargetDependency;
			target = 479FC5BB2E502F4A008EB439 /* Tempo */;
			targetProxy = 479FC5DB2E502F4D008EB439 /* PBXContainerItemProxy */;
		};
		47BA1C0A2E700A0000F0A6CE /* PBXTargetDependency */ = {
			isa = PBXTargetDependency;
			target = 47BA1C052E700A0000F0A6CE /* TempoWatch */;
			targetProxy = 47BA1C092E700A0000F0A6CE /* PBXContainerItemProxy */;
		};
/* End PBXTargetDependency section */

/* Begin XCBuildConfiguration section */
		4767A3062E551B6A00F0A6CE /* Debug */ = {
			isa = XCBuildConfiguration;
			buildSettings = {
				ASSETCATALOG_COMPILER_GLOBAL_ACCENT_COLOR_NAME = AccentColor;
				ASSETCATALOG_COMPILER_WIDGET_BACKGROUND_COLOR_NAME = WidgetBackground;
				CODE_SIGN_STYLE = Automatic;
				CURRENT_PROJECT_VERSION = 1;
				DEVELOPMENT_TEAM = Z7Q56V2SQX;
				GENERATE_INFOPLIST_FILE = YES;
				INFOPLIST_FILE = TempoWidgets/Info.plist;
				INFOPLIST_KEY_CFBundleDisplayName = TempoWidgets;
				INFOPLIST_KEY_NSHumanReadableCopyright = "";
				IPHONEOS_DEPLOYMENT_TARGET = 18.5;
				LD_RUNPATH_SEARCH_PATHS = (
					"$(inherited)",
					"@executable_path/Frameworks",
					"@executable_path/../../Frameworks",
				);
				MARKETING_VERSION = 1.0;
				PRODUCT_BUNDLE_IDENTIFIER = com.fox.Tempo.TempoWidgets;
				PRODUCT_NAME = "$(TARGET_NAME)";
				SDKROOT = iphoneos;
				SKIP_INSTALL = YES;
				STRING_CATALOG_GENERATE_SYMBOLS = YES;
				SWIFT_APPROACHABLE_CONCURRENCY = YES;
				SWIFT_EMIT_LOC_STRINGS = YES;
				SWIFT_UPCOMING_FEATURE_MEMBER_IMPORT_VISIBILITY = YES;
				SWIFT_VERSION = 5.0;
				TARGETED_DEVICE_FAMILY = "1,2";
			};
			name = Debug;
		};
		4767A3072E551B6A00F0A6CE /* Release */ = {
			isa = XCBuildConfiguration;
			buildSettings = {
				ASSETCATALOG_COMPILER_GLOBAL_ACCENT_COLOR_NAME = AccentColor;
				ASSETCATALOG_COMPILER_WIDGET_BACKGROUND_COLOR_NAME = WidgetBackground;
				CODE_SIGN_STYLE = Automatic;
				CURRENT_PROJECT_VERSION = 1;
				DEVELOPMENT_TEAM = Z7Q56V2SQX;
				GENERATE_INFOPLIST_FILE = YES;
				INFOPLIST_FILE = TempoWidgets/Info.plist;
				INFOPLIST_KEY_CFBundleDisplayName = TempoWidgets;
				INFOPLIST_KEY_NSHumanReadableCopyright = "";
				IPHONEOS_DEPLOYMENT_TARGET = 18.5;
				LD_RUNPATH_SEARCH_PATHS = (
					"$(inherited)",
					"@executable_path/Frameworks",
					"@executable_path/../../Frameworks",
				);
				MARKETING_VERSION = 1.0;
				PRODUCT_BUNDLE_IDENTIFIER = com.fox.Tempo.TempoWidgets;
				PRODUCT_NAME = "$(TARGET_NAME)";
				SDKROOT = iphoneos;
				SKIP_INSTALL = YES;
				STRING_CATALOG_GENERATE_SYMBOLS = YES;
				SWIFT_APPROACHABLE_CONCURRENCY = YES;
				SWIFT_EMIT_LOC_STRINGS = YES;
				SWIFT_UPCOMING_FEATURE_MEMBER_IMPORT_VISIBILITY = YES;
				SWIFT_VERSION = 5.0;
				TARGETED_DEVICE_FAMILY = "1,2";
				VALIDATE_PRODUCT = YES;
			};
			name = Release;
		};
		479FC5E42E502F4D008EB439 /* Debug */ = {
			isa = XCBuildConfiguration;
			buildSettings = {
				ASSETCATALOG_COMPILER_APPICON_NAME = AppIcon;
				ASSETCATALOG_COMPILER_GLOBAL_ACCENT_COLOR_NAME = AccentColor;
				CODE_SIGN_ENTITLEMENTS = Tempo/Tempo.entitlements;
				CODE_SIGN_STYLE = Automatic;
				CURRENT_PROJECT_VERSION = 1;
				DEVELOPMENT_TEAM = Z7Q56V2SQX;
				ENABLE_HARDENED_RUNTIME = YES;
				ENABLE_PREVIEWS = YES;
				GENERATE_INFOPLIST_FILE = YES;
				INFOPLIST_FILE = Tempo/Info.plist;
				"INFOPLIST_KEY_UIApplicationSceneManifest_Generation[sdk=iphoneos*]" = YES;
				"INFOPLIST_KEY_UIApplicationSceneManifest_Generation[sdk=iphonesimulator*]" = YES;
				"INFOPLIST_KEY_UIApplicationSupportsIndirectInputEvents[sdk=iphoneos*]" = YES;
				"INFOPLIST_KEY_UIApplicationSupportsIndirectInputEvents[sdk=iphonesimulator*]" = YES;
				"INFOPLIST_KEY_UILaunchScreen_Generation[sdk=iphoneos*]" = YES;
				"INFOPLIST_KEY_UILaunchScreen_Generation[sdk=iphonesimulator*]" = YES;
				"INFOPLIST_KEY_UIStatusBarStyle[sdk=iphoneos*]" = UIStatusBarStyleDefault;
				"INFOPLIST_KEY_UIStatusBarStyle[sdk=iphonesimulator*]" = UIStatusBarStyleDefault;
				INFOPLIST_KEY_UISupportedInterfaceOrientations_iPad = "UIInterfaceOrientationPortrait UIInterfaceOrientationPortraitUpsideDown UIInterfaceOrientationLandscapeLeft UIInterfaceOrientationLandscapeRight";
				INFOPLIST_KEY_UISupportedInterfaceOrientations_iPhone = "UIInterfaceOrientationPortrait UIInterfaceOrientationLandscapeLeft UIInterfaceOrientationLandscapeRight";
				IPHONEOS_DEPLOYMENT_TARGET = 18.5;
				LD_RUNPATH_SEARCH_PATHS = "@executable_path/Frameworks";
				"LD_RUNPATH_SEARCH_PATHS[sdk=macosx*]" = "@executable_path/../Frameworks";
				MACOSX_DEPLOYMENT_TARGET = 15.5;
				MARKETING_VERSION = 1.0;
				PRODUCT_BUNDLE_IDENTIFIER = com.fox.Tempo;
				PRODUCT_NAME = "$(TARGET_NAME)";
				REGISTER_APP_GROUPS = YES;
				SDKROOT = auto;
				SUPPORTED_PLATFORMS = "iphoneos iphonesimulator macosx xros xrsimulator";
				SWIFT_EMIT_LOC_STRINGS = YES;
				SWIFT_VERSION = 5.0;
				TARGETED_DEVICE_FAMILY = "1,2,7";
				XROS_DEPLOYMENT_TARGET = 2.5;
			};
			name = Debug;
		};
		479FC5E52E502F4D008EB439 /* Release */ = {
			isa = XCBuildConfiguration;
			buildSettings = {
				ASSETCATALOG_COMPILER_APPICON_NAME = AppIcon;
				ASSETCATALOG_COMPILER_GLOBAL_ACCENT_COLOR_NAME = AccentColor;
				CODE_SIGN_ENTITLEMENTS = Tempo/Tempo.entitlements;
				CODE_SIGN_STYLE = Automatic;
				CURRENT_PROJECT_VERSION = 1;
				DEVELOPMENT_TEAM = Z7Q56V2SQX;
				ENABLE_HARDENED_RUNTIME = YES;
				ENABLE_PREVIEWS = YES;
				GENERATE_INFOPLIST_FILE = YES;
				INFOPLIST_FILE = Tempo/Info.plist;
				"INFOPLIST_KEY_UIApplicationSceneManifest_Generation[sdk=iphoneos*]" = YES;
				"INFOPLIST_KEY_UIApplicationSceneManifest_Generation[sdk=iphonesimulator*]" = YES;
				"INFOPLIST_KEY_UIApplicationSupportsIndirectInputEvents[sdk=iphoneos*]" = YES;
				"INFOPLIST_KEY_UIApplicationSupportsIndirectInputEvents[sdk=iphonesimulator*]" = YES;
				"INFOPLIST_KEY_UILaunchScreen_Generation[sdk=iphoneos*]" = YES;
				"INFOPLIST_KEY_UILaunchScreen_Generation[sdk=iphonesimulator*]" = YES;
				"INFOPLIST_KEY_UIStatusBarStyle[sdk=iphoneos*]" = UIStatusBarStyleDefault;
				"INFOPLIST_KEY_UIStatusBarStyle[sdk=iphonesimulator*]" = UIStatusBarStyleDefault;
				INFOPLIST_KEY_UISupportedInterfaceOrientations_iPad = "UIInterfaceOrientationPortrait UIInterfaceOrientationPortraitUpsideDown UIInterfaceOrientationLandscapeLeft UIInterfaceOrientationLandscapeRight";
				INFOPLIST_KEY_UISupportedInterfaceOrientations_iPhone = "UIInterfaceOrientationPortrait UIInterfaceOrientationLandscapeLeft UIInterfaceOrientationLandscapeRight";
				IPHONEOS_DEPLOYMENT_TARGET = 18.5;
				LD_RUNPATH_SEARCH_PATHS = "@executable_path/Frameworks";
				"LD_RUNPATH_SEARCH_PATHS[sdk=macosx*]" = "@executable_path/../Frameworks";
				MACOSX_DEPLOYMENT_TARGET = 15.5;
				MARKETING_VERSION = 1.0;
				PRODUCT_BUNDLE_IDENTIFIER = com.fox.Tempo;
				PRODUCT_NAME = "$(TARGET_NAME)";
				REGISTER_APP_GROUPS = YES;
				SDKROOT = auto;
				SUPPORTED_PLATFORMS = "iphoneos iphonesimulator macosx xros xrsimulator";
				SWIFT_EMIT_LOC_STRINGS = YES;
				SWIFT_VERSION = 5.0;
				TARGETED_DEVICE_FAMILY = "1,2,7";
				XROS_DEPLOYMENT_TARGET = 2.5;
			};
			name = Release;
		};
		479FC5E62E502F4D008EB439 /* Debug */ = {
			isa = XCBuildConfiguration;
			buildSettings = {
				ALWAYS_SEARCH_USER_PATHS = NO;
				ASSETCATALOG_COMPILER_GENERATE_SWIFT_ASSET_SYMBOL_EXTENSIONS = YES;
				CLANG_ANALYZER_NONNULL = YES;
				CLANG_ANALYZER_NUMBER_OBJECT_CONVERSION = YES_AGGRESSIVE;
				CLANG_CXX_LANGUAGE_STANDARD = "gnu++20";
				CLANG_ENABLE_MODULES = YES;
				CLANG_ENABLE_OBJC_ARC = YES;
				CLANG_ENABLE_OBJC_WEAK = YES;
				CLANG_WARN_BLOCK_CAPTURE_AUTORELEASING = YES;
				CLANG_WARN_BOOL_CONVERSION = YES;
				CLANG_WARN_COMMA = YES;
				CLANG_WARN_CONSTANT_CONVERSION = YES;
				CLANG_WARN_DEPRECATED_OBJC_IMPLEMENTATIONS = YES;
				CLANG_WARN_DIRECT_OBJC_ISA_USAGE = YES_ERROR;
				CLANG_WARN_DOCUMENTATION_COMMENTS = YES;
				CLANG_WARN_EMPTY_BODY = YES;
				CLANG_WARN_ENUM_CONVERSION = YES;
				CLANG_WARN_INFINITE_RECURSION = YES;
				CLANG_WARN_INT_CONVERSION = YES;
				CLANG_WARN_NON_LITERAL_NULL_CONVERSION = YES;
				CLANG_WARN_OBJC_IMPLICIT_RETAIN_SELF = YES;
				CLANG_WARN_OBJC_LITERAL_CONVERSION = YES;
				CLANG_WARN_OBJC_ROOT_CLASS = YES_ERROR;
				CLANG_WARN_QUOTED_INCLUDE_IN_FRAMEWORK_HEADER = YES;
				CLANG_WARN_RANGE_LOOP_ANALYSIS = YES;
				CLANG_WARN_STRICT_PROTOTYPES = YES;
				CLANG_WARN_SUSPICIOUS_MOVE = YES;
				CLANG_WARN_UNGUARDED_AVAILABILITY = YES_AGGRESSIVE;
				CLANG_WARN_UNREACHABLE_CODE = YES;
				CLANG_WARN__DUPLICATE_METHOD_MATCH = YES;
				COPY_PHASE_STRIP = NO;
				DEBUG_INFORMATION_FORMAT = dwarf;
				DEVELOPMENT_TEAM = Z7Q56V2SQX;
				ENABLE_STRICT_OBJC_MSGSEND = YES;
				ENABLE_TESTABILITY = YES;
				ENABLE_USER_SCRIPT_SANDBOXING = YES;
				GCC_C_LANGUAGE_STANDARD = gnu17;
				GCC_DYNAMIC_NO_PIC = NO;
				GCC_NO_COMMON_BLOCKS = YES;
				GCC_OPTIMIZATION_LEVEL = 0;
				GCC_PREPROCESSOR_DEFINITIONS = (
					"DEBUG=1",
					"$(inherited)",
				);
				GCC_WARN_64_TO_32_BIT_CONVERSION = YES;
				GCC_WARN_ABOUT_RETURN_TYPE = YES_ERROR;
				GCC_WARN_UNDECLARED_SELECTOR = YES;
				GCC_WARN_UNINITIALIZED_AUTOS = YES_AGGRESSIVE;
				GCC_WARN_UNUSED_FUNCTION = YES;
				GCC_WARN_UNUSED_VARIABLE = YES;
				LOCALIZATION_PREFERS_STRING_CATALOGS = YES;
				MTL_ENABLE_DEBUG_INFO = INCLUDE_SOURCE;
				MTL_FAST_MATH = YES;
				ONLY_ACTIVE_ARCH = YES;
				SWIFT_ACTIVE_COMPILATION_CONDITIONS = "DEBUG $(inherited)";
				SWIFT_OPTIMIZATION_LEVEL = "-Onone";
			};
			name = Debug;
		};
		479FC5E72E502F4D008EB439 /* Release */ = {
			isa = XCBuildConfiguration;
			buildSettings = {
				ALWAYS_SEARCH_USER_PATHS = NO;
				ASSETCATALOG_COMPILER_GENERATE_SWIFT_ASSET_SYMBOL_EXTENSIONS = YES;
				CLANG_ANALYZER_NONNULL = YES;
				CLANG_ANALYZER_NUMBER_OBJECT_CONVERSION = YES_AGGRESSIVE;
				CLANG_CXX_LANGUAGE_STANDARD = "gnu++20";
				CLANG_ENABLE_MODULES = YES;
				CLANG_ENABLE_OBJC_ARC = YES;
				CLANG_ENABLE_OBJC_WEAK = YES;
				CLANG_WARN_BLOCK_CAPTURE_AUTORELEASING = YES;
				CLANG_WARN_BOOL_CONVERSION = YES;
				CLANG_WARN_COMMA = YES;
				CLANG_WARN_CONSTANT_CONVERSION = YES;
				CLANG_WARN_DEPRECATED_OBJC_IMPLEMENTATIONS = YES;
				CLANG_WARN_DIRECT_OBJC_ISA_USAGE = YES_ERROR;
				CLANG_WARN_DOCUMENTATION_COMMENTS = YES;
				CLANG_WARN_EMPTY_BODY = YES;
				CLANG_WARN_ENUM_CONVERSION = YES;
				CLANG_WARN_INFINITE_RECURSION = YES;
				CLANG_WARN_INT_CONVERSION = YES;
				CLANG_WARN_NON_LITERAL_NULL_CONVERSION = YES;
				CLANG_WARN_OBJC_IMPLICIT_RETAIN_SELF = YES;
				CLANG_WARN_OBJC_LITERAL_CONVERSION = YES;
				CLANG_WARN_OBJC_ROOT_CLASS = YES_ERROR;
				CLANG_WARN_QUOTED_INCLUDE_IN_FRAMEWORK_HEADER = YES;
				CLANG_WARN_RANGE_LOOP_ANALYSIS = YES;
				CLANG_WARN_STRICT_PROTOTYPES = YES;
				CLANG_WARN_SUSPICIOUS_MOVE = YES;
				CLANG_WARN_UNGUARDED_AVAILABILITY = YES_AGGRESSIVE;
				CLANG_WARN_UNREACHABLE_CODE = YES;
				CLANG_WARN__DUPLICATE_METHOD_MATCH = YES;
				COPY_PHASE_STRIP = NO;
				DEBUG_INFORMATION_FORMAT = "dwarf-with-dsym";
				DEVELOPMENT_TEAM = Z7Q56V2SQX;
				ENABLE_NS_ASSERTIONS = NO;
				ENABLE_STRICT_OBJC_MSGSEND = YES;
				ENABLE_USER_SCRIPT_SANDBOXING = YES;
				GCC_C_LANGUAGE_STANDARD = gnu17;
				GCC_NO_COMMON_BLOCKS = YES;
				GCC_WARN_64_TO_32_BIT_CONVERSION = YES;
				GCC_WARN_ABOUT_RETURN_TYPE = YES_ERROR;
				GCC_WARN_UNDECLARED_SELECTOR = YES;
				GCC_WARN_UNINITIALIZED_AUTOS = YES_AGGRESSIVE;
				GCC_WARN_UNUSED_FUNCTION = YES;
				GCC_WARN_UNUSED_VARIABLE = YES;
				LOCALIZATION_PREFERS_STRING_CATALOGS = YES;
				MTL_ENABLE_DEBUG_INFO = NO;
				MTL_FAST_MATH = YES;
				SWIFT_COMPILATION_MODE = wholemodule;
			};
			name = Release;
		};
		479FC5E92E502F4D008EB439 /* Debug */ = {
			isa = XCBuildConfiguration;
			buildSettings = {
				BUNDLE_LOADER = "$(TEST_HOST)";
				CODE_SIGN_STYLE = Automatic;
				CURRENT_PROJECT_VERSION = 1;
				DEVELOPMENT_TEAM = Z7Q56V2SQX;
				GENERATE_INFOPLIST_FILE = YES;
				IPHONEOS_DEPLOYMENT_TARGET = 18.5;
				MACOSX_DEPLOYMENT_TARGET = 15.5;
				MARKETING_VERSION = 1.0;
				PRODUCT_BUNDLE_IDENTIFIER = com.fox.TempoTests;
				PRODUCT_NAME = "$(TARGET_NAME)";
				SDKROOT = auto;
				SUPPORTED_PLATFORMS = "iphoneos iphonesimulator macosx xros xrsimulator";
				SWIFT_EMIT_LOC_STRINGS = NO;
				SWIFT_VERSION = 5.0;
				TARGETED_DEVICE_FAMILY = "1,2,7";
				TEST_HOST = "$(BUILT_PRODUCTS_DIR)/Tempo.app/$(BUNDLE_EXECUTABLE_FOLDER_PATH)/Tempo";
				XROS_DEPLOYMENT_TARGET = 2.5;
			};
			name = Debug;
		};
		479FC5EA2E502F4D008EB439 /* Release */ = {
			isa = XCBuildConfiguration;
			buildSettings = {
				BUNDLE_LOADER = "$(TEST_HOST)";
				CODE_SIGN_STYLE = Automatic;
				CURRENT_PROJECT_VERSION = 1;
				DEVELOPMENT_TEAM = Z7Q56V2SQX;
				GENERATE_INFOPLIST_FILE = YES;
				IPHONEOS_DEPLOYMENT_TARGET = 18.5;
				MACOSX_DEPLOYMENT_TARGET = 15.5;
				MARKETING_VERSION = 1.0;
				PRODUCT_BUNDLE_IDENTIFIER = com.fox.TempoTests;
				PRODUCT_NAME = "$(TARGET_NAME)";
				SDKROOT = auto;
				SUPPORTED_PLATFORMS = "iphoneos iphonesimulator macosx xros xrsimulator";
				SWIFT_EMIT_LOC_STRINGS = NO;
				SWIFT_VERSION = 5.0;
				TARGETED_DEVICE_FAMILY = "1,2,7";
				TEST_HOST = "$(BUILT_PRODUCTS_DIR)/Tempo.app/$(BUNDLE_EXECUTABLE_FOLDER_PATH)/Tempo";
				XROS_DEPLOYMENT_TARGET = 2.5;
			};
			name = Release;
		};
		479FC5EC2E502F4D008EB439 /* Debug */ = {
			isa = XCBuildConfiguration;
			buildSettings = {
				CODE_SIGN_STYLE = Automatic;
				CURRENT_PROJECT_VERSION = 1;
				DEVELOPMENT_TEAM = Z7Q56V2SQX;
				GENERATE_INFOPLIST_FILE = YES;
				IPHONEOS_DEPLOYMENT_TARGET = 18.5;
				MACOSX_DEPLOYMENT_TARGET = 15.5;
				MARKETING_VERSION = 1.0;
				PRODUCT_BUNDLE_IDENTIFIER = com.fox.TempoUITests;
				PRODUCT_NAME = "$(TARGET_NAME)";
				SDKROOT = auto;
				SUPPORTED_PLATFORMS = "iphoneos iphonesimulator macosx xros xrsimulator";
				SWIFT_EMIT_LOC_STRINGS = NO;
				SWIFT_VERSION = 5.0;
				TARGETED_DEVICE_FAMILY = "1,2,7";
				TEST_TARGET_NAME = Tempo;
				XROS_DEPLOYMENT_TARGET = 2.5;
			};
			name = Debug;
		};
		479FC5ED2E502F4D008EB439 /* Release */ = {
			isa = XCBuildConfiguration;
			buildSettings = {
				CODE_SIGN_STYLE = Automatic;
				CURRENT_PROJECT_VERSION = 1;
				DEVELOPMENT_TEAM = Z7Q56V2SQX;
				GENERATE_INFOPLIST_FILE = YES;
				IPHONEOS_DEPLOYMENT_TARGET = 18.5;
				MACOSX_DEPLOYMENT_TARGET = 15.5;
				MARKETING_VERSION = 1.0;
				PRODUCT_BUNDLE_IDENTIFIER = com.fox.TempoUITests;
				PRODUCT_NAME = "$(TARGET_NAME)";
				SDKROOT = auto;
				SUPPORTED_PLATFORMS = "iphoneos iphonesimulator macosx xros xrsimulator";
				SWIFT_EMIT_LOC_STRINGS = NO;
				SWIFT_VERSION = 5.0;
				TARGETED_DEVICE_FAMILY = "1,2,7";
				TEST_TARGET_NAME = Tempo;
				XROS_DEPLOYMENT_TARGET = 2.5;
			};
			name = Release;
		};
		47BA1C062E700A0000F0A6CE /* Debug */ = {
			isa = XCBuildConfiguration;
			buildSettings = {
				ASSETCATALOG_COMPILER_APPICON_NAME = AppIcon;
				ASSETCATALOG_COMPILER_GLOBAL_ACCENT_COLOR_NAME = AccentColor;
				CODE_SIGN_ENTITLEMENTS = TempoWatch/TempoWatch.entitlements;
				CODE_SIGN_STYLE = Automatic;
				CURRENT_PROJECT_VERSION = 1;
				DEVELOPMENT_TEAM = Z7Q56V2SQX;
				ENABLE_PREVIEWS = YES;
				GENERATE_INFOPLIST_FILE = YES;
				INFOPLIST_KEY_CFBundleDisplayName = "Tempo Watch";
				INFOPLIST_KEY_UISupportedInterfaceOrientations = "UIInterfaceOrientationPortrait UIInterfaceOrientationPortraitUpsideDown";
				INFOPLIST_KEY_WKCompanionAppBundleIdentifier = com.fox.Tempo;
				LD_RUNPATH_SEARCH_PATHS = (
					"$(inherited)",
					"@executable_path/Frameworks",
				);
				MARKETING_VERSION = 1.0;
				PRODUCT_BUNDLE_IDENTIFIER = com.fox.Tempo.watchkitapp;
				PRODUCT_NAME = "$(TARGET_NAME)";
				SDKROOT = watchos;
				SKIP_INSTALL = YES;
				SUPPORTED_PLATFORMS = "watchos watchsimulator";
				SWIFT_EMIT_LOC_STRINGS = YES;
				SWIFT_VERSION = 5.0;
				TARGETED_DEVICE_FAMILY = 4;
				WATCHOS_DEPLOYMENT_TARGET = 11.0;
			};
			name = Debug;
		};
		47BA1C072E700A0000F0A6CE /* Release */ = {
			isa = XCBuildConfiguration;
			buildSettings = {
				ASSETCATALOG_COMPILER_APPICON_NAME = AppIcon;
				ASSETCATALOG_COMPILER_GLOBAL_ACCENT_COLOR_NAME = AccentColor;
				CODE_SIGN_ENTITLEMENTS = TempoWatch/TempoWatch.entitlements;
				CODE_SIGN_STYLE = Automatic;
				CURRENT_PROJECT_VERSION = 1;
				DEVELOPMENT_TEAM = Z7Q56V2SQX;
				ENABLE_PREVIEWS = YES;
				GENERATE_INFOPLIST_FILE = YES;
				INFOPLIST_KEY_CFBundleDisplayName = "Tempo Watch";
				INFOPLIST_KEY_UISupportedInterfaceOrientations = "UIInterfaceOrientationPortrait UIInterfaceOrientationPortraitUpsideDown";
				INFOPLIST_KEY_WKCompanionAppBundleIdentifier = com.fox.Tempo;
				LD_RUNPATH_SEARCH_PATHS = (
					"$(inherited)",
					"@executable_path/Frameworks",
				);
				MARKETING_VERSION = 1.0;
				PRODUCT_BUNDLE_IDENTIFIER = com.fox.Tempo.watchkitapp;
				PRODUCT_NAME = "$(TARGET_NAME)";
				SDKROOT = watchos;
				SKIP_INSTALL = YES;
				SUPPORTED_PLATFORMS = "watchos watchsimulator";
				SWIFT_EMIT_LOC_STRINGS = YES;
				SWIFT_VERSION = 5.0;
				TARGETED_DEVICE_FAMILY = 4;
				VALIDATE_PRODUCT = YES;
				WATCHOS_DEPLOYMENT_TARGET = 11.0;
			};
			name = Release;
		};
/* End XCBuildConfiguration section */

/* Begin XCConfigurationList section */
		4767A3082E551B6A00F0A6CE /* Build configuration list for PBXNativeTarget "TempoWidgetsExtension" */ = {
			isa = XCConfigurationList;
			buildConfigurations = (
				4767A3062E551B6A00F0A6CE /* Debug */,
				4767A3072E551B6A00F0A6CE /* Release */,
			);
			defaultConfigurationIsVisible = 0;
			defaultConfigurationName = Release;
		};
		479FC5B72E502F4A008EB439 /* Build configuration list for PBXProject "Tempo" */ = {
			isa = XCConfigurationList;
			buildConfigurations = (
				479FC5E62E502F4D008EB439 /* Debug */,
				479FC5E72E502F4D008EB439 /* Release */,
			);
			defaultConfigurationIsVisible = 0;
			defaultConfigurationName = Release;
		};
		479FC5E32E502F4D008EB439 /* Build configuration list for PBXNativeTarget "Tempo" */ = {
			isa = XCConfigurationList;
			buildConfigurations = (
				479FC5E42E502F4D008EB439 /* Debug */,
				479FC5E52E502F4D008EB439 /* Release */,
			);
			defaultConfigurationIsVisible = 0;
			defaultConfigurationName = Release;
		};
		479FC5E82E502F4D008EB439 /* Build configuration list for PBXNativeTarget "TempoTests" */ = {
			isa = XCConfigurationList;
			buildConfigurations = (
				479FC5E92E502F4D008EB439 /* Debug */,
				479FC5EA2E502F4D008EB439 /* Release */,
			);
			defaultConfigurationIsVisible = 0;
			defaultConfigurationName = Release;
		};
		479FC5EB2E502F4D008EB439 /* Build configuration list for PBXNativeTarget "TempoUITests" */ = {
			isa = XCConfigurationList;
			buildConfigurations = (
				479FC5EC2E502F4D008EB439 /* Debug */,
				479FC5ED2E502F4D008EB439 /* Release */,
			);
			defaultConfigurationIsVisible = 0;
			defaultConfigurationName = Release;
		};
		47BA1C082E700A0000F0A6CE /* Build configuration list for PBXNativeTarget "TempoWatch" */ = {
			isa = XCConfigurationList;
			buildConfigurations = (
				47BA1C062E700A0000F0A6CE /* Debug */,
				47BA1C072E700A0000F0A6CE /* Release */,
			);
			defaultConfigurationIsVisible = 0;
			defaultConfigurationName = Release;
		};
/* End XCConfigurationList section */

/* Begin XCRemoteSwiftPackageReference section */
		471A84842E53D78000962DFE /* XCRemoteSwiftPackageReference "YapAnimator" */ = {
			isa = XCRemoteSwiftPackageReference;
			repositoryURL = "https://github.com/yapstudios/YapAnimator";
			requirement = {
				kind = upToNextMajorVersion;
				minimumVersion = 1.2.0;
			};
		};
		471A84852E53D99600962DFE /* XCRemoteSwiftPackageReference "Stellar" */ = {
			isa = XCRemoteSwiftPackageReference;
			repositoryURL = "https://github.com/AugustRush/Stellar";
			requirement = {
				kind = upToNextMajorVersion;
				minimumVersion = 0.67.0;
			};
		};
		471A84862E53D9B200962DFE /* XCRemoteSwiftPackageReference "ScreenCorners" */ = {
			isa = XCRemoteSwiftPackageReference;
			repositoryURL = "https://github.com/kylebshr/ScreenCorners.git";
			requirement = {
				branch = main;
				kind = branch;
			};
		};
/* End XCRemoteSwiftPackageReference section */
	};
	rootObject = 479FC5B42E502F4A008EB439 /* Project object */;
}
